
Microsoft Visual Studio Solution File, Format Version 12.00
# Visual Studio Version 16
VisualStudioVersion = 16.0.29123.88
MinimumVisualStudioVersion = 10.0.40219.1
Project("{2150E333-8FDC-42A3-9474-1A3956D46DE8}") = "Solution Items", "Solution Items", "{A8340C3C-A776-4333-849D-293BACED930B}"
	ProjectSection(SolutionItems) = preProject
		index.html = index.html
		tables.html = tables.html
	EndProjectSection
EndProject
Global
	GlobalSection(SolutionProperties) = preSolution
		HideSolutionNode = FALSE
	EndGlobalSection
	GlobalSection(ExtensibilityGlobals) = postSolution
		SolutionGuid = {885909FB-4335-4A97-BDE4-85BB27ECB66E}
	EndGlobalSection
EndGlobal
